
Microsoft Visual Studio Solution File, Format Version 12.00
# Visual Studio 2013
VisualStudioVersion = 12.0.40629.0
MinimumVisualStudioVersion = 10.0.40219.1
Project("{FAE04EC0-301F-11D3-BF4B-00C04F79EFBC}") = "NarratorCalendar", "NarratorCalendar\NarratorCalendar.csproj", "{DABE2012-3514-4BDE-A1CC-CC8E5FF883BA}"
EndProject
Global
	GlobalSection(SolutionConfigurationPlatforms) = preSolution
		Debug|Any CPU = Debug|Any CPU
		Release|Any CPU = Release|Any CPU
	EndGlobalSection
	GlobalSection(ProjectConfigurationPlatforms) = postSolution
		{DABE2012-3514-4BDE-A1CC-CC8E5FF883BA}.Debug|Any CPU.ActiveCfg = Debug|Any CPU
		{DABE2012-3514-4BDE-A1CC-CC8E5FF883BA}.Debug|Any CPU.Build.0 = Debug|Any CPU
		{DABE2012-3514-4BDE-A1CC-CC8E5FF883BA}.Release|Any CPU.ActiveCfg = Release|Any CPU
		{DABE2012-3514-4BDE-A1CC-CC8E5FF883BA}.Release|Any CPU.Build.0 = Release|Any CPU
	EndGlobalSection
	GlobalSection(SolutionProperties) = preSolution
		HideSolutionNode = FALSE
	EndGlobalSection
EndGlobal
